{
    "_meta": {
        "hash": {
            "sha256": "b8c20dfbd5dca3d8591ded54e2213741d33ce8ce9f1dbb3aaec57faa41101d38"
        },
        "pipfile-spec": 6,
        "requires": {
            "python_version": "3"
        },
        "sources": [
            {
                "name": "pypi",
                "url": "https://pypi.org/simple",
                "verify_ssl": true
            }
        ]
    },
    "default": {
        "avro-python3": {
            "hashes": [
                "sha256:f82cf0d66189600b1e6b442f650ad5aca6c189576723dcbf6f9ce096eab81bd6"
            ],
            "index": "pypi",
            "version": "==1.8.2"
        },
        "python-snappy": {
            "hashes": [
                "sha256:59c79d83350f931ad5cf8f06ccb1c9bd1087a77c3ca7e00806884cda654a6faf",
                "sha256:8a7f803f06083d4106d55387d2daa32c12b5e376c3616b0e2da8b8a87a27d74a"
            ],
            "index": "pypi",
            "version": "==0.5.3"
        }
    },
    "develop": {}
}
